// !$*UTF8*$!
{
	archiveVersion = 1;
	classes = {
	};
	objectVersion = 77;
	objects = {

/* Begin PBXBuildFile section */
		AD3244752CE37D45007CE339 /* MemberTableViewCell.swift in Sources */ = {isa = PBXBuildFile; fileRef = AD3244742CE37D45007CE339 /* MemberTableViewCell.swift */; };
		ADB2AFB32CE3AE0A009504E0 /* DetailViewController.swift in Sources */ = {isa = PBXBuildFile; fileRef = ADB2AFB22CE3AE0A009504E0 /* DetailViewController.swift */; };
		ADD9D91A2CE374A1002A5346 /* AppDelegate.swift in Sources */ = {isa = PBXBuildFile; fileRef = ADD9D9102CE374A1002A5346 /* AppDelegate.swift */; };
		ADD9D91B2CE374A1002A5346 /* SceneDelegate.swift in Sources */ = {isa = PBXBuildFile; fileRef = ADD9D9172CE374A1002A5346 /* SceneDelegate.swift */; };
		ADD9D91C2CE374A1002A5346 /* ViewController.swift in Sources */ = {isa = PBXBuildFile; fileRef = ADD9D9182CE374A1002A5346 /* ViewController.swift */; };
		ADD9D91D2CE374A1002A5346 /* Assets.xcassets in Resources */ = {isa = PBXBuildFile; fileRef = ADD9D9112CE374A1002A5346 /* Assets.xcassets */; };
		ADD9D91F2CE374A1002A5346 /* LaunchScreen.storyboard in Resources */ = {isa = PBXBuildFile; fileRef = ADD9D9142CE374A1002A5346 /* LaunchScreen.storyboard */; };
		ADD9D9202CE374A1002A5346 /* Main.storyboard in Resources */ = {isa = PBXBuildFile; fileRef = ADD9D9162CE374A1002A5346 /* Main.storyboard */; };
		ADDE7B982CE38C2000CBE30B /* Member.swift in Sources */ = {isa = PBXBuildFile; fileRef = ADDE7B972CE38C2000CBE30B /* Member.swift */; };
		ADDE7B9A2CE38EAA00CBE30B /* MemberListManager.swift in Sources */ = {isa = PBXBuildFile; fileRef = ADDE7B992CE38EAA00CBE30B /* MemberListManager.swift */; };
/* End PBXBuildFile section */

/* Begin PBXFileReference section */
		AD3244742CE37D45007CE339 /* MemberTableViewCell.swift */ = {isa = PBXFileReference; lastKnownFileType = sourcecode.swift; path = MemberTableViewCell.swift; sourceTree = "<group>"; };
		ADB2AFB22CE3AE0A009504E0 /* DetailViewController.swift */ = {isa = PBXFileReference; lastKnownFileType = sourcecode.swift; path = DetailViewController.swift; sourceTree = "<group>"; };
		ADD9D8F82CE37493002A5346 /* Member_Storyboard.app */ = {isa = PBXFileReference; explicitFileType = wrapper.application; includeInIndex = 0; path = Member_Storyboard.app; sourceTree = BUILT_PRODUCTS_DIR; };
		ADD9D9102CE374A1002A5346 /* AppDelegate.swift */ = {isa = PBXFileReference; lastKnownFileType = sourcecode.swift; path = AppDelegate.swift; sourceTree = "<group>"; };
		ADD9D9112CE374A1002A5346 /* Assets.xcassets */ = {isa = PBXFileReference; lastKnownFileType = folder.assetcatalog; path = Assets.xcassets; sourceTree = "<group>"; };
		ADD9D9122CE374A1002A5346 /* Info.plist */ = {isa = PBXFileReference; lastKnownFileType = text.plist.xml; path = Info.plist; sourceTree = "<group>"; };
		ADD9D9132CE374A1002A5346 /* Base */ = {isa = PBXFileReference; lastKnownFileType = file.storyboard; name = Base; path = Base.lproj/LaunchScreen.storyboard; sourceTree = "<group>"; };
		ADD9D9152CE374A1002A5346 /* Base */ = {isa = PBXFileReference; lastKnownFileType = file.storyboard; name = Base; path = Base.lproj/Main.storyboard; sourceTree = "<group>"; };
		ADD9D9172CE374A1002A5346 /* SceneDelegate.swift */ = {isa = PBXFileReference; lastKnownFileType = sourcecode.swift; path = SceneDelegate.swift; sourceTree = "<group>"; };
		ADD9D9182CE374A1002A5346 /* ViewController.swift */ = {isa = PBXFileReference; lastKnownFileType = sourcecode.swift; path = ViewController.swift; sourceTree = "<group>"; };
		ADDE7B972CE38C2000CBE30B /* Member.swift */ = {isa = PBXFileReference; lastKnownFileType = sourcecode.swift; path = Member.swift; sourceTree = "<group>"; };
		ADDE7B992CE38EAA00CBE30B /* MemberListManager.swift */ = {isa = PBXFileReference; lastKnownFileType = sourcecode.swift; path = MemberListManager.swift; sourceTree = "<group>"; };
/* End PBXFileReference section */

/* Begin PBXFrameworksBuildPhase section */
		ADD9D8F52CE37493002A5346 /* Frameworks */ = {
			isa = PBXFrameworksBuildPhase;
			buildActionMask = 2147483647;
			files = (
			);
			runOnlyForDeploymentPostprocessing = 0;
		};
/* End PBXFrameworksBuildPhase section */

/* Begin PBXGroup section */
		ADD9D8EF2CE37493002A5346 = {
			isa = PBXGroup;
			children = (
				ADD9D9192CE374A1002A5346 /* Member_Storyboard */,
				ADD9D8F92CE37493002A5346 /* Products */,
			);
			sourceTree = "<group>";
		};
		ADD9D8F92CE37493002A5346 /* Products */ = {
			isa = PBXGroup;
			children = (
				ADD9D8F82CE37493002A5346 /* Member_Storyboard.app */,
			);
			name = Products;
			sourceTree = "<group>";
		};
		ADD9D9192CE374A1002A5346 /* Member_Storyboard */ = {
			isa = PBXGroup;
			children = (
				ADD9D9102CE374A1002A5346 /* AppDelegate.swift */,
				ADD9D9172CE374A1002A5346 /* SceneDelegate.swift */,
				ADD9D9242CE374B8002A5346 /* Models */,
				ADD9D9222CE374AA002A5346 /* Views */,
				ADD9D9232CE374AE002A5346 /* Controllers */,
				ADD9D9112CE374A1002A5346 /* Assets.xcassets */,
				ADD9D9122CE374A1002A5346 /* Info.plist */,
			);
			path = Member_Storyboard;
			sourceTree = "<group>";
		};
		ADD9D9222CE374AA002A5346 /* Views */ = {
			isa = PBXGroup;
			children = (
				ADD9D9142CE374A1002A5346 /* LaunchScreen.storyboard */,
				ADD9D9162CE374A1002A5346 /* Main.storyboard */,
				AD3244742CE37D45007CE339 /* MemberTableViewCell.swift */,
			);
			path = Views;
			sourceTree = "<group>";
		};
		ADD9D9232CE374AE002A5346 /* Controllers */ = {
			isa = PBXGroup;
			children = (
				ADD9D9182CE374A1002A5346 /* ViewController.swift */,
				ADB2AFB22CE3AE0A009504E0 /* DetailViewController.swift */,
			);
			path = Controllers;
			sourceTree = "<group>";
		};
		ADD9D9242CE374B8002A5346 /* Models */ = {
			isa = PBXGroup;
			children = (
				ADDE7B972CE38C2000CBE30B /* Member.swift */,
				ADDE7B992CE38EAA00CBE30B /* MemberListManager.swift */,
			);
			path = Models;
			sourceTree = "<group>";
		};
/* End PBXGroup section */

/* Begin PBXNativeTarget section */
		ADD9D8F72CE37493002A5346 /* Member_Storyboard */ = {
			isa = PBXNativeTarget;
			buildConfigurationList = ADD9D90B2CE37494002A5346 /* Build configuration list for PBXNativeTarget "Member_Storyboard" */;
			buildPhases = (
				ADD9D8F42CE37493002A5346 /* Sources */,
				ADD9D8F52CE37493002A5346 /* Frameworks */,
				ADD9D8F62CE37493002A5346 /* Resources */,
			);
			buildRules = (
			);
			dependencies = (
			);
			name = Member_Storyboard;
			packageProductDependencies = (
			);
			productName = Member_Storyboard;
			productReference = ADD9D8F82CE37493002A5346 /* Member_Storyboard.app */;
			productType = "com.apple.product-type.application";
		};
/* End PBXNativeTarget section */

/* Begin PBXProject section */
		ADD9D8F02CE37493002A5346 /* Project object */ = {
			isa = PBXProject;
			attributes = {
				BuildIndependentTargetsInParallel = 1;
				LastSwiftUpdateCheck = 1610;
				LastUpgradeCheck = 1610;
				TargetAttributes = {
					ADD9D8F72CE37493002A5346 = {
						CreatedOnToolsVersion = 16.1;
					};
				};
			};
			buildConfigurationList = ADD9D8F32CE37493002A5346 /* Build configuration list for PBXProject "Member_Storyboard" */;
			developmentRegion = en;
			hasScannedForEncodings = 0;
			knownRegions = (
				en,
				Base,
			);
			mainGroup = ADD9D8EF2CE37493002A5346;
			minimizedProjectReferenceProxies = 1;
			preferredProjectObjectVersion = 77;
			productRefGroup = ADD9D8F92CE37493002A5346 /* Products */;
			projectDirPath = "";
			projectRoot = "";
			targets = (
				ADD9D8F72CE37493002A5346 /* Member_Storyboard */,
			);
		};
/* End PBXProject section */

/* Begin PBXResourcesBuildPhase section */
		ADD9D8F62CE37493002A5346 /* Resources */ = {
			isa = PBXResourcesBuildPhase;
			buildActionMask = 2147483647;
			files = (
				ADD9D91D2CE374A1002A5346 /* Assets.xcassets in Resources */,
				ADD9D91F2CE374A1002A5346 /* LaunchScreen.storyboard in Resources */,
				ADD9D9202CE374A1002A5346 /* Main.storyboard in Resources */,
			);
			runOnlyForDeploymentPostprocessing = 0;
		};
/* End PBXResourcesBuildPhase section */

/* Begin PBXSourcesBuildPhase section */
		ADD9D8F42CE37493002A5346 /* Sources */ = {
			isa = PBXSourcesBuildPhase;
			buildActionMask = 2147483647;
			files = (
				ADD9D91A2CE374A1002A5346 /* AppDelegate.swift in Sources */,
				ADDE7B9A2CE38EAA00CBE30B /* MemberListManager.swift in Sources */,
				ADD9D91B2CE374A1002A5346 /* SceneDelegate.swift in Sources */,
				ADD9D91C2CE374A1002A5346 /* ViewController.swift in Sources */,
				AD3244752CE37D45007CE339 /* MemberTableViewCell.swift in Sources */,
				ADDE7B982CE38C2000CBE30B /* Member.swift in Sources */,
				ADB2AFB32CE3AE0A009504E0 /* DetailViewController.swift in Sources */,
			);
			runOnlyForDeploymentPostprocessing = 0;
		};
/* End PBXSourcesBuildPhase section */

/* Begin PBXVariantGroup section */
		ADD9D9142CE374A1002A5346 /* LaunchScreen.storyboard */ = {
			isa = PBXVariantGroup;
			children = (
				ADD9D9132CE374A1002A5346 /* Base */,
			);
			name = LaunchScreen.storyboard;
			sourceTree = "<group>";
		};
		ADD9D9162CE374A1002A5346 /* Main.storyboard */ = {
			isa = PBXVariantGroup;
			children = (
				ADD9D9152CE374A1002A5346 /* Base */,
			);
			name = Main.storyboard;
			sourceTree = "<group>";
		};
/* End PBXVariantGroup section */

/* Begin XCBuildConfiguration section */
		ADD9D90C2CE37494002A5346 /* Debug */ = {
			isa = XCBuildConfiguration;
			buildSettings = {
				ASSETCATALOG_COMPILER_APPICON_NAME = AppIcon;
				ASSETCATALOG_COMPILER_GLOBAL_ACCENT_COLOR_NAME = AccentColor;
				CODE_SIGN_STYLE = Automatic;
				CURRENT_PROJECT_VERSION = 1;
				GENERATE_INFOPLIST_FILE = YES;
				INFOPLIST_FILE = Member_Storyboard/Info.plist;
				INFOPLIST_KEY_UIApplicationSupportsIndirectInputEvents = YES;
				INFOPLIST_KEY_UILaunchStoryboardName = LaunchScreen;
				INFOPLIST_KEY_UIMainStoryboardFile = Main;
				INFOPLIST_KEY_UISupportedInterfaceOrientations_iPad = "UIInterfaceOrientationPortrait UIInterfaceOrientationPortraitUpsideDown UIInterfaceOrientationLandscapeLeft UIInterfaceOrientationLandscapeRight";
				INFOPLIST_KEY_UISupportedInterfaceOrientations_iPhone = "UIInterfaceOrientationPortrait UIInterfaceOrientationLandscapeLeft UIInterfaceOrientationLandscapeRight";
				LD_RUNPATH_SEARCH_PATHS = (
					"$(inherited)",
					"@executable_path/Frameworks",
				);
				MARKETING_VERSION = 1.0;
				PRODUCT_BUNDLE_IDENTIFIER = "com.wan.Member-Storyboard";
				PRODUCT_NAME = "$(TARGET_NAME)";
				SUPPORTED_PLATFORMS = "iphoneos iphonesimulator";
				SUPPORTS_MACCATALYST = NO;
				SUPPORTS_MAC_DESIGNED_FOR_IPHONE_IPAD = NO;
				SUPPORTS_XR_DESIGNED_FOR_IPHONE_IPAD = NO;
				SWIFT_EMIT_LOC_STRINGS = YES;
				SWIFT_VERSION = 5.0;
				TARGETED_DEVICE_FAMILY = 1;
			};
			name = Debug;
		};
		ADD9D90D2CE37494002A5346 /* Release */ = {
			isa = XCBuildConfiguration;
			buildSettings = {
				ASSETCATALOG_COMPILER_APPICON_NAME = AppIcon;
				ASSETCATALOG_COMPILER_GLOBAL_ACCENT_COLOR_NAME = AccentColor;
				CODE_SIGN_STYLE = Automatic;
				CURRENT_PROJECT_VERSION = 1;
				GENERATE_INFOPLIST_FILE = YES;
				INFOPLIST_FILE = Member_Storyboard/Info.plist;
				INFOPLIST_KEY_UIApplicationSupportsIndirectInputEvents = YES;
				INFOPLIST_KEY_UILaunchStoryboardName = LaunchScreen;
				INFOPLIST_KEY_UIMainStoryboardFile = Main;
				INFOPLIST_KEY_UISupportedInterfaceOrientations_iPad = "UIInterfaceOrientationPortrait UIInterfaceOrientationPortraitUpsideDown UIInterfaceOrientationLandscapeLeft UIInterfaceOrientationLandscapeRight";
				INFOPLIST_KEY_UISupportedInterfaceOrientations_iPhone = "UIInterfaceOrientationPortrait UIInterfaceOrientationLandscapeLeft UIInterfaceOrientationLandscapeRight";
				LD_RUNPATH_SEARCH_PATHS = (
					"$(inherited)",
					"@executable_path/Frameworks",
				);
				MARKETING_VERSION = 1.0;
				PRODUCT_BUNDLE_IDENTIFIER = "com.wan.Member-Storyboard";
				PRODUCT_NAME = "$(TARGET_NAME)";
				SUPPORTED_PLATFORMS = "iphoneos iphonesimulator";
				SUPPORTS_MACCATALYST = NO;
				SUPPORTS_MAC_DESIGNED_FOR_IPHONE_IPAD = NO;
				SUPPORTS_XR_DESIGNED_FOR_IPHONE_IPAD = NO;
				SWIFT_EMIT_LOC_STRINGS = YES;
				SWIFT_VERSION = 5.0;
				TARGETED_DEVICE_FAMILY = 1;
			};
			name = Release;
		};
		ADD9D90E2CE37494002A5346 /* Debug */ = {
			isa = XCBuildConfiguration;
			buildSettings = {
				ALWAYS_SEARCH_USER_PATHS = NO;
				ASSETCATALOG_COMPILER_GENERATE_SWIFT_ASSET_SYMBOL_EXTENSIONS = YES;
				CLANG_ANALYZER_NONNULL = YES;
				CLANG_ANALYZER_NUMBER_OBJECT_CONVERSION = YES_AGGRESSIVE;
				CLANG_CXX_LANGUAGE_STANDARD = "gnu++20";
				CLANG_ENABLE_MODULES = YES;
				CLANG_ENABLE_OBJC_ARC = YES;
				CLANG_ENABLE_OBJC_WEAK = YES;
				CLANG_WARN_BLOCK_CAPTURE_AUTORELEASING = YES;
				CLANG_WARN_BOOL_CONVERSION = YES;
				CLANG_WARN_COMMA = YES;
				CLANG_WARN_CONSTANT_CONVERSION = YES;
				CLANG_WARN_DEPRECATED_OBJC_IMPLEMENTATIONS = YES;
				CLANG_WARN_DIRECT_OBJC_ISA_USAGE = YES_ERROR;
				CLANG_WARN_DOCUMENTATION_COMMENTS = YES;
				CLANG_WARN_EMPTY_BODY = YES;
				CLANG_WARN_ENUM_CONVERSION = YES;
				CLANG_WARN_INFINITE_RECURSION = YES;
				CLANG_WARN_INT_CONVERSION = YES;
				CLANG_WARN_NON_LITERAL_NULL_CONVERSION = YES;
				CLANG_WARN_OBJC_IMPLICIT_RETAIN_SELF = YES;
				CLANG_WARN_OBJC_LITERAL_CONVERSION = YES;
				CLANG_WARN_OBJC_ROOT_CLASS = YES_ERROR;
				CLANG_WARN_QUOTED_INCLUDE_IN_FRAMEWORK_HEADER = YES;
				CLANG_WARN_RANGE_LOOP_ANALYSIS = YES;
				CLANG_WARN_STRICT_PROTOTYPES = YES;
				CLANG_WARN_SUSPICIOUS_MOVE = YES;
				CLANG_WARN_UNGUARDED_AVAILABILITY = YES_AGGRESSIVE;
				CLANG_WARN_UNREACHABLE_CODE = YES;
				CLANG_WARN__DUPLICATE_METHOD_MATCH = YES;
				COPY_PHASE_STRIP = NO;
				DEBUG_INFORMATION_FORMAT = dwarf;
				ENABLE_STRICT_OBJC_MSGSEND = YES;
				ENABLE_TESTABILITY = YES;
				ENABLE_USER_SCRIPT_SANDBOXING = YES;
				GCC_C_LANGUAGE_STANDARD = gnu17;
				GCC_DYNAMIC_NO_PIC = NO;
				GCC_NO_COMMON_BLOCKS = YES;
				GCC_OPTIMIZATION_LEVEL = 0;
				GCC_PREPROCESSOR_DEFINITIONS = (
					"DEBUG=1",
					"$(inherited)",
				);
				GCC_WARN_64_TO_32_BIT_CONVERSION = YES;
				GCC_WARN_ABOUT_RETURN_TYPE = YES_ERROR;
				GCC_WARN_UNDECLARED_SELECTOR = YES;
				GCC_WARN_UNINITIALIZED_AUTOS = YES_AGGRESSIVE;
				GCC_WARN_UNUSED_FUNCTION = YES;
				GCC_WARN_UNUSED_VARIABLE = YES;
				IPHONEOS_DEPLOYMENT_TARGET = 18.1;
				LOCALIZATION_PREFERS_STRING_CATALOGS = YES;
				MTL_ENABLE_DEBUG_INFO = INCLUDE_SOURCE;
				MTL_FAST_MATH = YES;
				ONLY_ACTIVE_ARCH = YES;
				SDKROOT = iphoneos;
				SWIFT_ACTIVE_COMPILATION_CONDITIONS = "DEBUG $(inherited)";
				SWIFT_OPTIMIZATION_LEVEL = "-Onone";
			};
			name = Debug;
		};
		ADD9D90F2CE37494002A5346 /* Release */ = {
			isa = XCBuildConfiguration;
			buildSettings = {
				ALWAYS_SEARCH_USER_PATHS = NO;
				ASSETCATALOG_COMPILER_GENERATE_SWIFT_ASSET_SYMBOL_EXTENSIONS = YES;
				CLANG_ANALYZER_NONNULL = YES;
				CLANG_ANALYZER_NUMBER_OBJECT_CONVERSION = YES_AGGRESSIVE;
				CLANG_CXX_LANGUAGE_STANDARD = "gnu++20";
				CLANG_ENABLE_MODULES = YES;
				CLANG_ENABLE_OBJC_ARC = YES;
				CLANG_ENABLE_OBJC_WEAK = YES;
				CLANG_WARN_BLOCK_CAPTURE_AUTORELEASING = YES;
				CLANG_WARN_BOOL_CONVERSION = YES;
				CLANG_WARN_COMMA = YES;
				CLANG_WARN_CONSTANT_CONVERSION = YES;
				CLANG_WARN_DEPRECATED_OBJC_IMPLEMENTATIONS = YES;
				CLANG_WARN_DIRECT_OBJC_ISA_USAGE = YES_ERROR;
				CLANG_WARN_DOCUMENTATION_COMMENTS = YES;
				CLANG_WARN_EMPTY_BODY = YES;
				CLANG_WARN_ENUM_CONVERSION = YES;
				CLANG_WARN_INFINITE_RECURSION = YES;
				CLANG_WARN_INT_CONVERSION = YES;
				CLANG_WARN_NON_LITERAL_NULL_CONVERSION = YES;
				CLANG_WARN_OBJC_IMPLICIT_RETAIN_SELF = YES;
				CLANG_WARN_OBJC_LITERAL_CONVERSION = YES;
				CLANG_WARN_OBJC_ROOT_CLASS = YES_ERROR;
				CLANG_WARN_QUOTED_INCLUDE_IN_FRAMEWORK_HEADER = YES;
				CLANG_WARN_RANGE_LOOP_ANALYSIS = YES;
				CLANG_WARN_STRICT_PROTOTYPES = YES;
				CLANG_WARN_SUSPICIOUS_MOVE = YES;
				CLANG_WARN_UNGUARDED_AVAILABILITY = YES_AGGRESSIVE;
				CLANG_WARN_UNREACHABLE_CODE = YES;
				CLANG_WARN__DUPLICATE_METHOD_MATCH = YES;
				COPY_PHASE_STRIP = NO;
				DEBUG_INFORMATION_FORMAT = "dwarf-with-dsym";
				ENABLE_NS_ASSERTIONS = NO;
				ENABLE_STRICT_OBJC_MSGSEND = YES;
				ENABLE_USER_SCRIPT_SANDBOXING = YES;
				GCC_C_LANGUAGE_STANDARD = gnu17;
				GCC_NO_COMMON_BLOCKS = YES;
				GCC_WARN_64_TO_32_BIT_CONVERSION = YES;
				GCC_WARN_ABOUT_RETURN_TYPE = YES_ERROR;
				GCC_WARN_UNDECLARED_SELECTOR = YES;
				GCC_WARN_UNINITIALIZED_AUTOS = YES_AGGRESSIVE;
				GCC_WARN_UNUSED_FUNCTION = YES;
				GCC_WARN_UNUSED_VARIABLE = YES;
				IPHONEOS_DEPLOYMENT_TARGET = 18.1;
				LOCALIZATION_PREFERS_STRING_CATALOGS = YES;
				MTL_ENABLE_DEBUG_INFO = NO;
				MTL_FAST_MATH = YES;
				SDKROOT = iphoneos;
				SWIFT_COMPILATION_MODE = wholemodule;
				VALIDATE_PRODUCT = YES;
			};
			name = Release;
		};
/* End XCBuildConfiguration section */

/* Begin XCConfigurationList section */
		ADD9D8F32CE37493002A5346 /* Build configuration list for PBXProject "Member_Storyboard" */ = {
			isa = XCConfigurationList;
			buildConfigurations = (
				ADD9D90E2CE37494002A5346 /* Debug */,
				ADD9D90F2CE37494002A5346 /* Release */,
			);
			defaultConfigurationIsVisible = 0;
			defaultConfigurationName = Release;
		};
		ADD9D90B2CE37494002A5346 /* Build configuration list for PBXNativeTarget "Member_Storyboard" */ = {
			isa = XCConfigurationList;
			buildConfigurations = (
				ADD9D90C2CE37494002A5346 /* Debug */,
				ADD9D90D2CE37494002A5346 /* Release */,
			);
			defaultConfigurationIsVisible = 0;
			defaultConfigurationName = Release;
		};
/* End XCConfigurationList section */
	};
	rootObject = ADD9D8F02CE37493002A5346 /* Project object */;
}
